
Microsoft Visual Studio Solution File, Format Version 12.00
# Visual Studio Version 17
VisualStudioVersion = 17.5.002.0
MinimumVisualStudioVersion = 10.0.40219.1
Project("{9A19103F-16F7-4668-BE54-9A1E7A4F7556}") = "SistemaDeInventario", "SistemaDeInventario\SistemaDeInventario.csproj", "{F74EC489-A697-405C-BCF4-DD146A773CC0}"
EndProject
Global
	GlobalSection(SolutionConfigurationPlatforms) = preSolution
		Debug|Any CPU = Debug|Any CPU
		Release|Any CPU = Release|Any CPU
	EndGlobalSection
	GlobalSection(ProjectConfigurationPlatforms) = postSolution
		{F74EC489-A697-405C-BCF4-DD146A773CC0}.Debug|Any CPU.ActiveCfg = Debug|Any CPU
		{F74EC489-A697-405C-BCF4-DD146A773CC0}.Debug|Any CPU.Build.0 = Debug|Any CPU
		{F74EC489-A697-405C-BCF4-DD146A773CC0}.Release|Any CPU.ActiveCfg = Release|Any CPU
		{F74EC489-A697-405C-BCF4-DD146A773CC0}.Release|Any CPU.Build.0 = Release|Any CPU
	EndGlobalSection
	GlobalSection(SolutionProperties) = preSolution
		HideSolutionNode = FALSE
	EndGlobalSection
	GlobalSection(ExtensibilityGlobals) = postSolution
		SolutionGuid = {96E43662-E248-4F29-9E03-7D987FDACB55}
	EndGlobalSection
EndGlobal
